Microsoft Visual Studio Solution File, Format Version 12.00
# Visual Studio 2012
Project("{FAE04EC0-301F-11D3-BF4B-00C04F79EFBC}") = "2dMovement", "2dMovement.csproj", "{2EE59DEA-C793-420A-B3A4-76814344EFAF}"
EndProject
Global
	GlobalSection(SolutionConfigurationPlatforms) = preSolution
	Debug|Any CPU = Debug|Any CPU
	ExportDebug|Any CPU = ExportDebug|Any CPU
	ExportRelease|Any CPU = ExportRelease|Any CPU
	EndGlobalSection
	GlobalSection(ProjectConfigurationPlatforms) = postSolution
		{2EE59DEA-C793-420A-B3A4-76814344EFAF}.Debug|Any CPU.ActiveCfg = Debug|Any CPU
		{2EE59DEA-C793-420A-B3A4-76814344EFAF}.Debug|Any CPU.Build.0 = Debug|Any CPU
		{2EE59DEA-C793-420A-B3A4-76814344EFAF}.ExportDebug|Any CPU.ActiveCfg = ExportDebug|Any CPU
		{2EE59DEA-C793-420A-B3A4-76814344EFAF}.ExportDebug|Any CPU.Build.0 = ExportDebug|Any CPU
		{2EE59DEA-C793-420A-B3A4-76814344EFAF}.ExportRelease|Any CPU.ActiveCfg = ExportRelease|Any CPU
		{2EE59DEA-C793-420A-B3A4-76814344EFAF}.ExportRelease|Any CPU.Build.0 = ExportRelease|Any CPU
	EndGlobalSection
EndGlobal
